{
    "_readme": [
        "This file locks the dependencies of your project to a known state",
        "Read more about it at http://getcomposer.org/doc/01-basic-usage.md#composer-lock-the-lock-file"
    ],
    "hash": "df4a612d000f6c1dbcfff3d3ce7f9794",
    "packages": [
        {
            "name": "kisma/kisma",
            "version": "dev-master",
            "source": {
                "type": "git",
                "url": "https://github.com/lucifurious/kisma.git",
                "reference": "40c6771d5f0a33b1e86e431fb615162a1becb947"
            },
            "dist": {
                "type": "zip",
                "url": "https://api.github.com/repos/lucifurious/kisma/zipball/40c6771d5f0a33b1e86e431fb615162a1becb947",
                "reference": "40c6771d5f0a33b1e86e431fb615162a1becb947",
                "shasum": ""
            },
            "require": {
                "php": ">=5.3.10"
            },
            "type": "library",
            "autoload": {
                "psr-0": {
                    "Kisma": "src/"
                },
                "files": [
                    "src/autoload.php"
                ]
            },
            "notification-url": "https://packagist.org/downloads/",
            "license": [
                "MIT"
            ],
            "authors": [
                {
                    "name": "Jerry Ablan",
                    "email": "getkisma@gmail.com"
                }
            ],
            "description": "A Fun-Sized PHP Framework",
            "homepage": "https://github.com/kisma/kisma",
            "keywords": [
                "framework",
                "mvc",
                "php",
                "php5",
                "rest"
            ],
            "time": "2013-05-07 19:26:33"
        }
    ],
    "packages-dev": [

    ],
    "aliases": [

    ],
    "minimum-stability": "dev",
    "stability-flags": {
        "kisma/kisma": 20
    },
    "platform": {
        "php": ">=5.3.10"
    },
    "platform-dev": [

    ]
}
